
Microsoft Visual Studio Solution File, Format Version 12.00
# Visual Studio 2013
VisualStudioVersion = 12.0.30723.0
MinimumVisualStudioVersion = 10.0.40219.1
Project("{8BC9CEB8-8B4A-11D0-8D11-00A0C91BC942}") = "PCNet", "PCNet\PCNet.vcxproj", "{15ACFA8F-DF83-4B2F-8C25-466BB21C8609}"
EndProject
Project("{8BC9CEB8-8B4A-11D0-8D11-00A0C91BC942}") = "NewPrize", "NewPrize\NewPrize.vcxproj", "{D28D9C39-A728-478E-AA46-A81487487F44}"
EndProject
Project("{8BC9CEB8-8B4A-11D0-8D11-00A0C91BC942}") = "Forecast", "Forecast\Forecast.vcxproj", "{FFADDA50-2627-40F3-A69F-2101D2A0DCD0}"
EndProject
Project("{8BC9CEB8-8B4A-11D0-8D11-00A0C91BC942}") = "Candy", "Candy\Candy.vcxproj", "{5CFB5258-9C6F-453F-9C8B-DADF86D0A666}"
EndProject
Global
	GlobalSection(SolutionConfigurationPlatforms) = preSolution
		Debug|Win32 = Debug|Win32
		Release|Win32 = Release|Win32
	EndGlobalSection
	GlobalSection(ProjectConfigurationPlatforms) = postSolution
		{15ACFA8F-DF83-4B2F-8C25-466BB21C8609}.Debug|Win32.ActiveCfg = Debug|Win32
		{15ACFA8F-DF83-4B2F-8C25-466BB21C8609}.Debug|Win32.Build.0 = Debug|Win32
		{15ACFA8F-DF83-4B2F-8C25-466BB21C8609}.Release|Win32.ActiveCfg = Release|Win32
		{15ACFA8F-DF83-4B2F-8C25-466BB21C8609}.Release|Win32.Build.0 = Release|Win32
		{D28D9C39-A728-478E-AA46-A81487487F44}.Debug|Win32.ActiveCfg = Debug|Win32
		{D28D9C39-A728-478E-AA46-A81487487F44}.Debug|Win32.Build.0 = Debug|Win32
		{D28D9C39-A728-478E-AA46-A81487487F44}.Release|Win32.ActiveCfg = Release|Win32
		{D28D9C39-A728-478E-AA46-A81487487F44}.Release|Win32.Build.0 = Release|Win32
		{FFADDA50-2627-40F3-A69F-2101D2A0DCD0}.Debug|Win32.ActiveCfg = Debug|Win32
		{FFADDA50-2627-40F3-A69F-2101D2A0DCD0}.Debug|Win32.Build.0 = Debug|Win32
		{FFADDA50-2627-40F3-A69F-2101D2A0DCD0}.Release|Win32.ActiveCfg = Release|Win32
		{FFADDA50-2627-40F3-A69F-2101D2A0DCD0}.Release|Win32.Build.0 = Release|Win32
		{5CFB5258-9C6F-453F-9C8B-DADF86D0A666}.Debug|Win32.ActiveCfg = Debug|Win32
		{5CFB5258-9C6F-453F-9C8B-DADF86D0A666}.Debug|Win32.Build.0 = Debug|Win32
		{5CFB5258-9C6F-453F-9C8B-DADF86D0A666}.Release|Win32.ActiveCfg = Release|Win32
		{5CFB5258-9C6F-453F-9C8B-DADF86D0A666}.Release|Win32.Build.0 = Release|Win32
	EndGlobalSection
	GlobalSection(SolutionProperties) = preSolution
		HideSolutionNode = FALSE
	EndGlobalSection
EndGlobal
